
Microsoft Visual Studio Solution File, Format Version 12.00
# Visual Studio Version 16
VisualStudioVersion = 16.0.29020.237
MinimumVisualStudioVersion = 10.0.40219.1
Project("{FAE04EC0-301F-11D3-BF4B-00C04F79EFBC}") = "AndersonsPayRollASP.NET_WebApplication1", "AndersonsPayRollASP.NET_WebApplication1\AndersonsPayRollASP.NET_WebApplication1.csproj", "{2EA5834E-EE3B-448D-8B65-65B56C2A252E}"
EndProject
Global
	GlobalSection(SolutionConfigurationPlatforms) = preSolution
		Debug|Any CPU = Debug|Any CPU
		Release|Any CPU = Release|Any CPU
	EndGlobalSection
	GlobalSection(ProjectConfigurationPlatforms) = postSolution
		{2EA5834E-EE3B-448D-8B65-65B56C2A252E}.Debug|Any CPU.ActiveCfg = Debug|Any CPU
		{2EA5834E-EE3B-448D-8B65-65B56C2A252E}.Debug|Any CPU.Build.0 = Debug|Any CPU
		{2EA5834E-EE3B-448D-8B65-65B56C2A252E}.Release|Any CPU.ActiveCfg = Release|Any CPU
		{2EA5834E-EE3B-448D-8B65-65B56C2A252E}.Release|Any CPU.Build.0 = Release|Any CPU
	EndGlobalSection
	GlobalSection(SolutionProperties) = preSolution
		HideSolutionNode = FALSE
	EndGlobalSection
	GlobalSection(ExtensibilityGlobals) = postSolution
		SolutionGuid = {A5242881-6A6E-44DE-AA2A-67343B0C2B40}
	EndGlobalSection
EndGlobal
